
Microsoft Visual Studio Solution File, Format Version 12.00
# Visual Studio Version 16
VisualStudioVersion = 16.0.30907.101
MinimumVisualStudioVersion = 10.0.40219.1
Project("{F184B08F-C81C-45F6-A57F-5ABD9991F28F}") = "WebApplication1", "WebApplication1\WebApplication1.vbproj", "{C51B546E-E394-417C-95F8-139B39327FEB}"
EndProject
Global
	GlobalSection(SolutionConfigurationPlatforms) = preSolution
		Debug|Any CPU = Debug|Any CPU
		Release|Any CPU = Release|Any CPU
	EndGlobalSection
	GlobalSection(ProjectConfigurationPlatforms) = postSolution
		{C51B546E-E394-417C-95F8-139B39327FEB}.Debug|Any CPU.ActiveCfg = Debug|Any CPU
		{C51B546E-E394-417C-95F8-139B39327FEB}.Debug|Any CPU.Build.0 = Debug|Any CPU
		{C51B546E-E394-417C-95F8-139B39327FEB}.Release|Any CPU.ActiveCfg = Release|Any CPU
		{C51B546E-E394-417C-95F8-139B39327FEB}.Release|Any CPU.Build.0 = Release|Any CPU
	EndGlobalSection
	GlobalSection(SolutionProperties) = preSolution
		HideSolutionNode = FALSE
	EndGlobalSection
	GlobalSection(ExtensibilityGlobals) = postSolution
		SolutionGuid = {219EAEE1-94E3-472B-8F29-AA664DDFD4F2}
	EndGlobalSection
EndGlobal
